# This file is automatically @generated by Poetry 2.1.4 and should not be changed by hand.

[[package]]
name = "ffmpeg"
version = "1.4"
description = "ffmpeg python package url [https://github.com/jiashaokun/ffmpeg]"
optional = false
python-versions = "*"
groups = ["main"]
files = [
    {file = "ffmpeg-1.4.tar.gz", hash = "sha256:6931692c890ff21d39938433c2189747815dca0c60ddc7f9bb97f199dba0b5b9"},
]

[[package]]
name = "yt-dlp"
version = "2025.9.5"
description = "A feature-rich command-line audio/video downloader"
optional = false
python-versions = ">=3.9"
groups = ["main"]
files = [
    {file = "yt_dlp-2025.9.5-py3-none-any.whl", hash = "sha256:68a03b5c50e3d0f6af7244bd4bf491c1b12e4e2112b051cde05cdfd2647eb9a8"},
    {file = "yt_dlp-2025.9.5.tar.gz", hash = "sha256:9ce080f80b2258e872fe8a75f4707ea2c644e697477186e20b9a04d9a9ea37cf"},
]

[package.extras]
build = ["build", "hatchling", "pip", "setuptools (>=71.0.2,<81)", "wheel"]
curl-cffi = ["curl-cffi (>=0.5.10,<0.6.dev0 || >=0.10.dev0,<0.14) ; implementation_name == \"cpython\""]
default = ["brotli ; implementation_name == \"cpython\"", "brotlicffi ; implementation_name != \"cpython\"", "certifi", "mutagen", "pycryptodomex", "requests (>=2.32.2,<3)", "urllib3 (>=2.0.2,<3)", "websockets (>=13.0)"]
dev = ["autopep8 (>=2.0,<3.0)", "pre-commit", "pytest (>=8.1,<9.0)", "pytest-rerunfailures (>=14.0,<15.0)", "ruff (>=0.12.0,<0.13.0)"]
pyinstaller = ["pyinstaller (>=6.13.0)"]
secretstorage = ["cffi", "secretstorage"]
static-analysis = ["autopep8 (>=2.0,<3.0)", "ruff (>=0.12.0,<0.13.0)"]
test = ["pytest (>=8.1,<9.0)", "pytest-rerunfailures (>=14.0,<15.0)"]

[metadata]
lock-version = "2.1"
python-versions = "=3.12"
content-hash = "62115c115f16e919cdfb3deea32d33173a59cdbddada94553fde26d4bdb7b6cf"
