# This file is automatically @generated by Poetry 2.1.3 and should not be changed by hand.

[[package]]
name = "ffmpeg"
version = "1.4"
description = "ffmpeg python package url [https://github.com/jiashaokun/ffmpeg]"
optional = false
python-versions = "*"
groups = ["main"]
files = [
    {file = "ffmpeg-1.4.tar.gz", hash = "sha256:6931692c890ff21d39938433c2189747815dca0c60ddc7f9bb97f199dba0b5b9"},
]

[[package]]
name = "yt-dlp"
version = "2025.8.11"
description = "A feature-rich command-line audio/video downloader"
optional = false
python-versions = ">=3.9"
groups = ["main"]
files = [
    {file = "yt_dlp-2025.8.11-py3-none-any.whl", hash = "sha256:f115d2246c1ab5737772bd4845be057eebb91c0d95125a7577d92288351df7d0"},
    {file = "yt_dlp-2025.8.11.tar.gz", hash = "sha256:dc7c120a367fe55e0f711613dc80ea29d3a4e0ed8d66104cebfbe3d36e81fdfc"},
]

[package.extras]
build = ["build", "hatchling", "pip", "setuptools (>=71.0.2,<81)", "wheel"]
curl-cffi = ["curl-cffi (>=0.5.10,<0.6.dev0 || >=0.10.dev0,<0.14) ; implementation_name == \"cpython\""]
default = ["brotli ; implementation_name == \"cpython\"", "brotlicffi ; implementation_name != \"cpython\"", "certifi", "mutagen", "pycryptodomex", "requests (>=2.32.2,<3)", "urllib3 (>=2.0.2,<3)", "websockets (>=13.0)"]
dev = ["autopep8 (>=2.0,<3.0)", "pre-commit", "pytest (>=8.1,<9.0)", "pytest-rerunfailures (>=14.0,<15.0)", "ruff (>=0.12.0,<0.13.0)"]
pyinstaller = ["pyinstaller (>=6.13.0)"]
secretstorage = ["cffi", "secretstorage"]
static-analysis = ["autopep8 (>=2.0,<3.0)", "ruff (>=0.12.0,<0.13.0)"]
test = ["pytest (>=8.1,<9.0)", "pytest-rerunfailures (>=14.0,<15.0)"]

[metadata]
lock-version = "2.1"
python-versions = ">=3.12"
content-hash = "1a52ab0fb465decbaa55943795b4b24dfee49fab7839780b02466ba1ce2b1daf"
